{
  "object": {
    "pins": [
      {
        "package": "DiskCache",
        "repositoryURL": "git@github.com:Mobelux/DiskCache.git",
        "state": {
          "branch": null,
          "revision": "dc9d51b67abefb41669cee38534cf86ab92ea610",
          "version": "2.0.0"
        }
      },
      {
        "package": "swift-crypto",
        "repositoryURL": "git@github.com:apple/swift-crypto.git",
        "state": {
          "branch": null,
          "revision": "d67ac68d09a95443303e9d6e37b34e7ba101d5f1",
          "version": "1.0.1"
        }
      }
    ]
  },
  "version": 1
}
